
Microsoft Visual Studio Solution File, Format Version 12.00
# Visual Studio 15
VisualStudioVersion = 15.0.35431.46
MinimumVisualStudioVersion = 10.0.40219.1
Project("{8BC9CEB8-8B4A-11D0-8D11-00A0C91BC942}") = "csp", "csp.vcxproj", "{3DB9F821-4F7B-4399-B87D-4BEFAEF21A70}"
	ProjectSection(ProjectDependencies) = postProject
		{3B7C0D13-5BCA-4E4C-A53E-CD9F87C5A73A} = {3B7C0D13-5BCA-4E4C-A53E-CD9F87C5A73A}
		{2B2C99EE-2A4C-40B1-88A0-E139A2B5ED46} = {2B2C99EE-2A4C-40B1-88A0-E139A2B5ED46}
		{531E6AEF-FBED-47E2-A4A2-FC099F6AD069} = {531E6AEF-FBED-47E2-A4A2-FC099F6AD069}
	EndProjectSection
EndProject
Project("{8BC9CEB8-8B4A-11D0-8D11-00A0C91BC942}") = "zhcn", "zhcn\zhcn.vcxproj", "{531E6AEF-FBED-47E2-A4A2-FC099F6AD069}"
EndProject
Project("{8BC9CEB8-8B4A-11D0-8D11-00A0C91BC942}") = "calendar", "calendar\calendar.vcxproj", "{359E090A-02BE-49B6-9CFA-6D43B3E4F0E2}"
	ProjectSection(ProjectDependencies) = postProject
		{0EE363AA-F82C-47FC-B929-68B62B4056EC} = {0EE363AA-F82C-47FC-B929-68B62B4056EC}
	EndProjectSection
EndProject
Project("{8BC9CEB8-8B4A-11D0-8D11-00A0C91BC942}") = "yixue", "yixue\yixue.vcxproj", "{2B2C99EE-2A4C-40B1-88A0-E139A2B5ED46}"
EndProject
Project("{8BC9CEB8-8B4A-11D0-8D11-00A0C91BC942}") = "swtwl", "swtwl\swtwl.vcxproj", "{0EE363AA-F82C-47FC-B929-68B62B4056EC}"
EndProject
Project("{8BC9CEB8-8B4A-11D0-8D11-00A0C91BC942}") = "qimen", "qimen\qimen.vcxproj", "{3B7C0D13-5BCA-4E4C-A53E-CD9F87C5A73A}"
	ProjectSection(ProjectDependencies) = postProject
		{359E090A-02BE-49B6-9CFA-6D43B3E4F0E2} = {359E090A-02BE-49B6-9CFA-6D43B3E4F0E2}
	EndProjectSection
EndProject
Global
	GlobalSection(SolutionConfigurationPlatforms) = preSolution
		Debug|x64 = Debug|x64
		Debug|x86 = Debug|x86
		Release|x64 = Release|x64
		Release|x86 = Release|x86
	EndGlobalSection
	GlobalSection(ProjectConfigurationPlatforms) = postSolution
		{3DB9F821-4F7B-4399-B87D-4BEFAEF21A70}.Debug|x64.ActiveCfg = Debug|x64
		{3DB9F821-4F7B-4399-B87D-4BEFAEF21A70}.Debug|x64.Build.0 = Debug|x64
		{3DB9F821-4F7B-4399-B87D-4BEFAEF21A70}.Debug|x86.ActiveCfg = Debug|Win32
		{3DB9F821-4F7B-4399-B87D-4BEFAEF21A70}.Debug|x86.Build.0 = Debug|Win32
		{3DB9F821-4F7B-4399-B87D-4BEFAEF21A70}.Release|x64.ActiveCfg = Release|x64
		{3DB9F821-4F7B-4399-B87D-4BEFAEF21A70}.Release|x64.Build.0 = Release|x64
		{3DB9F821-4F7B-4399-B87D-4BEFAEF21A70}.Release|x86.ActiveCfg = Release|Win32
		{3DB9F821-4F7B-4399-B87D-4BEFAEF21A70}.Release|x86.Build.0 = Release|Win32
		{531E6AEF-FBED-47E2-A4A2-FC099F6AD069}.Debug|x64.ActiveCfg = Debug|x64
		{531E6AEF-FBED-47E2-A4A2-FC099F6AD069}.Debug|x64.Build.0 = Debug|x64
		{531E6AEF-FBED-47E2-A4A2-FC099F6AD069}.Debug|x86.ActiveCfg = Debug|Win32
		{531E6AEF-FBED-47E2-A4A2-FC099F6AD069}.Debug|x86.Build.0 = Debug|Win32
		{531E6AEF-FBED-47E2-A4A2-FC099F6AD069}.Release|x64.ActiveCfg = Release|x64
		{531E6AEF-FBED-47E2-A4A2-FC099F6AD069}.Release|x64.Build.0 = Release|x64
		{531E6AEF-FBED-47E2-A4A2-FC099F6AD069}.Release|x86.ActiveCfg = Release|Win32
		{531E6AEF-FBED-47E2-A4A2-FC099F6AD069}.Release|x86.Build.0 = Release|Win32
		{359E090A-02BE-49B6-9CFA-6D43B3E4F0E2}.Debug|x64.ActiveCfg = Debug|x64
		{359E090A-02BE-49B6-9CFA-6D43B3E4F0E2}.Debug|x64.Build.0 = Debug|x64
		{359E090A-02BE-49B6-9CFA-6D43B3E4F0E2}.Debug|x86.ActiveCfg = Debug|Win32
		{359E090A-02BE-49B6-9CFA-6D43B3E4F0E2}.Debug|x86.Build.0 = Debug|Win32
		{359E090A-02BE-49B6-9CFA-6D43B3E4F0E2}.Release|x64.ActiveCfg = Release|x64
		{359E090A-02BE-49B6-9CFA-6D43B3E4F0E2}.Release|x64.Build.0 = Release|x64
		{359E090A-02BE-49B6-9CFA-6D43B3E4F0E2}.Release|x86.ActiveCfg = Release|Win32
		{359E090A-02BE-49B6-9CFA-6D43B3E4F0E2}.Release|x86.Build.0 = Release|Win32
		{2B2C99EE-2A4C-40B1-88A0-E139A2B5ED46}.Debug|x64.ActiveCfg = Debug|x64
		{2B2C99EE-2A4C-40B1-88A0-E139A2B5ED46}.Debug|x64.Build.0 = Debug|x64
		{2B2C99EE-2A4C-40B1-88A0-E139A2B5ED46}.Debug|x86.ActiveCfg = Debug|Win32
		{2B2C99EE-2A4C-40B1-88A0-E139A2B5ED46}.Debug|x86.Build.0 = Debug|Win32
		{2B2C99EE-2A4C-40B1-88A0-E139A2B5ED46}.Release|x64.ActiveCfg = Release|x64
		{2B2C99EE-2A4C-40B1-88A0-E139A2B5ED46}.Release|x64.Build.0 = Release|x64
		{2B2C99EE-2A4C-40B1-88A0-E139A2B5ED46}.Release|x86.ActiveCfg = Release|Win32
		{2B2C99EE-2A4C-40B1-88A0-E139A2B5ED46}.Release|x86.Build.0 = Release|Win32
		{0EE363AA-F82C-47FC-B929-68B62B4056EC}.Debug|x64.ActiveCfg = Debug|x64
		{0EE363AA-F82C-47FC-B929-68B62B4056EC}.Debug|x64.Build.0 = Debug|x64
		{0EE363AA-F82C-47FC-B929-68B62B4056EC}.Debug|x86.ActiveCfg = Debug|Win32
		{0EE363AA-F82C-47FC-B929-68B62B4056EC}.Debug|x86.Build.0 = Debug|Win32
		{0EE363AA-F82C-47FC-B929-68B62B4056EC}.Release|x64.ActiveCfg = Release|x64
		{0EE363AA-F82C-47FC-B929-68B62B4056EC}.Release|x64.Build.0 = Release|x64
		{0EE363AA-F82C-47FC-B929-68B62B4056EC}.Release|x86.ActiveCfg = Release|Win32
		{0EE363AA-F82C-47FC-B929-68B62B4056EC}.Release|x86.Build.0 = Release|Win32
		{3B7C0D13-5BCA-4E4C-A53E-CD9F87C5A73A}.Debug|x64.ActiveCfg = Debug|x64
		{3B7C0D13-5BCA-4E4C-A53E-CD9F87C5A73A}.Debug|x64.Build.0 = Debug|x64
		{3B7C0D13-5BCA-4E4C-A53E-CD9F87C5A73A}.Debug|x86.ActiveCfg = Debug|Win32
		{3B7C0D13-5BCA-4E4C-A53E-CD9F87C5A73A}.Debug|x86.Build.0 = Debug|Win32
		{3B7C0D13-5BCA-4E4C-A53E-CD9F87C5A73A}.Release|x64.ActiveCfg = Release|x64
		{3B7C0D13-5BCA-4E4C-A53E-CD9F87C5A73A}.Release|x64.Build.0 = Release|x64
		{3B7C0D13-5BCA-4E4C-A53E-CD9F87C5A73A}.Release|x86.ActiveCfg = Release|Win32
		{3B7C0D13-5BCA-4E4C-A53E-CD9F87C5A73A}.Release|x86.Build.0 = Release|Win32
	EndGlobalSection
	GlobalSection(SolutionProperties) = preSolution
		HideSolutionNode = FALSE
	EndGlobalSection
	GlobalSection(ExtensibilityGlobals) = postSolution
		SolutionGuid = {8BD7EE51-B738-49F3-95BC-04B9DC2A1DE7}
	EndGlobalSection
EndGlobal
